
Microsoft Visual Studio Solution File, Format Version 12.00
# Visual Studio Version 17
VisualStudioVersion = 17.14.36221.1
MinimumVisualStudioVersion = 10.0.40219.1
Project("{FAE04EC0-301F-11D3-BF4B-00C04F79EFBC}") = "SistemaDeControleDeFrequencia", "Sistema_de_Controle_de_Frequência\SistemaDeControleDeFrequencia.csproj", "{E0AE3A90-1FE3-4320-80F3-A1387B076B4C}"
EndProject
Global
	GlobalSection(SolutionConfigurationPlatforms) = preSolution
		Debug|Any CPU = Debug|Any CPU
		Release|Any CPU = Release|Any CPU
	EndGlobalSection
	GlobalSection(ProjectConfigurationPlatforms) = postSolution
		{E0AE3A90-1FE3-4320-80F3-A1387B076B4C}.Debug|Any CPU.ActiveCfg = Debug|Any CPU
		{E0AE3A90-1FE3-4320-80F3-A1387B076B4C}.Debug|Any CPU.Build.0 = Debug|Any CPU
		{E0AE3A90-1FE3-4320-80F3-A1387B076B4C}.Release|Any CPU.ActiveCfg = Release|Any CPU
		{E0AE3A90-1FE3-4320-80F3-A1387B076B4C}.Release|Any CPU.Build.0 = Release|Any CPU
	EndGlobalSection
	GlobalSection(SolutionProperties) = preSolution
		HideSolutionNode = FALSE
	EndGlobalSection
	GlobalSection(ExtensibilityGlobals) = postSolution
		SolutionGuid = {42EF6882-F92A-42D7-8242-C195BA98721D}
	EndGlobalSection
EndGlobal
